
Microsoft Visual Studio Solution File, Format Version 12.00
# Visual Studio 15
VisualStudioVersion = 15.0.28010.2048
MinimumVisualStudioVersion = 10.0.40219.1
Project("{9A19103F-16F7-4668-BE54-9A1E7A4F7556}") = "Lighthourse2", "Lighthourse2\Lighthourse2.csproj", "{A95F8BC6-B393-489C-9687-B760F035D61B}"
EndProject
Project("{9A19103F-16F7-4668-BE54-9A1E7A4F7556}") = "Lighthourse3", "Lighthourse3\Lighthourse3.csproj", "{C7B8C826-94AC-4DF7-BE21-55A975F1CF39}"
EndProject
Project("{9A19103F-16F7-4668-BE54-9A1E7A4F7556}") = "Sender", "Sender\Sender.csproj", "{84932EF7-1F93-482F-892B-E5D26E972EA0}"
EndProject
Project("{9A19103F-16F7-4668-BE54-9A1E7A4F7556}") = "Receiver", "Receiver\Receiver.csproj", "{2D745E8D-2247-4DBC-91B7-F8B6F41409C9}"
EndProject
Project("{9A19103F-16F7-4668-BE54-9A1E7A4F7556}") = "Lighthourse1", "Lighthourse1\Lighthourse1.csproj", "{204BED33-1366-4754-90F2-131295D5B58F}"
EndProject
Project("{9A19103F-16F7-4668-BE54-9A1E7A4F7556}") = "Actors", "Actors\Actors.csproj", "{412E53CD-EB4F-4F36-88B2-5587979984F3}"
EndProject
Global
	GlobalSection(SolutionConfigurationPlatforms) = preSolution
		Debug|Any CPU = Debug|Any CPU
		Debug|x86 = Debug|x86
		Release|Any CPU = Release|Any CPU
		Release|x86 = Release|x86
	EndGlobalSection
	GlobalSection(ProjectConfigurationPlatforms) = postSolution
		{A95F8BC6-B393-489C-9687-B760F035D61B}.Debug|Any CPU.ActiveCfg = Debug|Any CPU
		{A95F8BC6-B393-489C-9687-B760F035D61B}.Debug|Any CPU.Build.0 = Debug|Any CPU
		{A95F8BC6-B393-489C-9687-B760F035D61B}.Debug|x86.ActiveCfg = Debug|Any CPU
		{A95F8BC6-B393-489C-9687-B760F035D61B}.Debug|x86.Build.0 = Debug|Any CPU
		{A95F8BC6-B393-489C-9687-B760F035D61B}.Release|Any CPU.ActiveCfg = Release|Any CPU
		{A95F8BC6-B393-489C-9687-B760F035D61B}.Release|Any CPU.Build.0 = Release|Any CPU
		{A95F8BC6-B393-489C-9687-B760F035D61B}.Release|x86.ActiveCfg = Release|Any CPU
		{A95F8BC6-B393-489C-9687-B760F035D61B}.Release|x86.Build.0 = Release|Any CPU
		{C7B8C826-94AC-4DF7-BE21-55A975F1CF39}.Debug|Any CPU.ActiveCfg = Debug|Any CPU
		{C7B8C826-94AC-4DF7-BE21-55A975F1CF39}.Debug|Any CPU.Build.0 = Debug|Any CPU
		{C7B8C826-94AC-4DF7-BE21-55A975F1CF39}.Debug|x86.ActiveCfg = Debug|Any CPU
		{C7B8C826-94AC-4DF7-BE21-55A975F1CF39}.Debug|x86.Build.0 = Debug|Any CPU
		{C7B8C826-94AC-4DF7-BE21-55A975F1CF39}.Release|Any CPU.ActiveCfg = Release|Any CPU
		{C7B8C826-94AC-4DF7-BE21-55A975F1CF39}.Release|Any CPU.Build.0 = Release|Any CPU
		{C7B8C826-94AC-4DF7-BE21-55A975F1CF39}.Release|x86.ActiveCfg = Release|Any CPU
		{C7B8C826-94AC-4DF7-BE21-55A975F1CF39}.Release|x86.Build.0 = Release|Any CPU
		{84932EF7-1F93-482F-892B-E5D26E972EA0}.Debug|Any CPU.ActiveCfg = Debug|Any CPU
		{84932EF7-1F93-482F-892B-E5D26E972EA0}.Debug|Any CPU.Build.0 = Debug|Any CPU
		{84932EF7-1F93-482F-892B-E5D26E972EA0}.Debug|x86.ActiveCfg = Debug|Any CPU
		{84932EF7-1F93-482F-892B-E5D26E972EA0}.Debug|x86.Build.0 = Debug|Any CPU
		{84932EF7-1F93-482F-892B-E5D26E972EA0}.Release|Any CPU.ActiveCfg = Release|Any CPU
		{84932EF7-1F93-482F-892B-E5D26E972EA0}.Release|Any CPU.Build.0 = Release|Any CPU
		{84932EF7-1F93-482F-892B-E5D26E972EA0}.Release|x86.ActiveCfg = Release|Any CPU
		{84932EF7-1F93-482F-892B-E5D26E972EA0}.Release|x86.Build.0 = Release|Any CPU
		{2D745E8D-2247-4DBC-91B7-F8B6F41409C9}.Debug|Any CPU.ActiveCfg = Debug|Any CPU
		{2D745E8D-2247-4DBC-91B7-F8B6F41409C9}.Debug|Any CPU.Build.0 = Debug|Any CPU
		{2D745E8D-2247-4DBC-91B7-F8B6F41409C9}.Debug|x86.ActiveCfg = Debug|Any CPU
		{2D745E8D-2247-4DBC-91B7-F8B6F41409C9}.Debug|x86.Build.0 = Debug|Any CPU
		{2D745E8D-2247-4DBC-91B7-F8B6F41409C9}.Release|Any CPU.ActiveCfg = Release|Any CPU
		{2D745E8D-2247-4DBC-91B7-F8B6F41409C9}.Release|Any CPU.Build.0 = Release|Any CPU
		{2D745E8D-2247-4DBC-91B7-F8B6F41409C9}.Release|x86.ActiveCfg = Release|Any CPU
		{2D745E8D-2247-4DBC-91B7-F8B6F41409C9}.Release|x86.Build.0 = Release|Any CPU
		{204BED33-1366-4754-90F2-131295D5B58F}.Debug|Any CPU.ActiveCfg = Debug|Any CPU
		{204BED33-1366-4754-90F2-131295D5B58F}.Debug|Any CPU.Build.0 = Debug|Any CPU
		{204BED33-1366-4754-90F2-131295D5B58F}.Debug|x86.ActiveCfg = Debug|Any CPU
		{204BED33-1366-4754-90F2-131295D5B58F}.Debug|x86.Build.0 = Debug|Any CPU
		{204BED33-1366-4754-90F2-131295D5B58F}.Release|Any CPU.ActiveCfg = Release|Any CPU
		{204BED33-1366-4754-90F2-131295D5B58F}.Release|Any CPU.Build.0 = Release|Any CPU
		{204BED33-1366-4754-90F2-131295D5B58F}.Release|x86.ActiveCfg = Release|Any CPU
		{204BED33-1366-4754-90F2-131295D5B58F}.Release|x86.Build.0 = Release|Any CPU
		{412E53CD-EB4F-4F36-88B2-5587979984F3}.Debug|Any CPU.ActiveCfg = Debug|Any CPU
		{412E53CD-EB4F-4F36-88B2-5587979984F3}.Debug|Any CPU.Build.0 = Debug|Any CPU
		{412E53CD-EB4F-4F36-88B2-5587979984F3}.Debug|x86.ActiveCfg = Debug|Any CPU
		{412E53CD-EB4F-4F36-88B2-5587979984F3}.Debug|x86.Build.0 = Debug|Any CPU
		{412E53CD-EB4F-4F36-88B2-5587979984F3}.Release|Any CPU.ActiveCfg = Release|Any CPU
		{412E53CD-EB4F-4F36-88B2-5587979984F3}.Release|Any CPU.Build.0 = Release|Any CPU
		{412E53CD-EB4F-4F36-88B2-5587979984F3}.Release|x86.ActiveCfg = Release|Any CPU
		{412E53CD-EB4F-4F36-88B2-5587979984F3}.Release|x86.Build.0 = Release|Any CPU
	EndGlobalSection
	GlobalSection(SolutionProperties) = preSolution
		HideSolutionNode = FALSE
	EndGlobalSection
	GlobalSection(ExtensibilityGlobals) = postSolution
		SolutionGuid = {23755F3C-115B-4E09-A6E0-F028DCF55AE6}
	EndGlobalSection
EndGlobal
