
Microsoft Visual Studio Solution File, Format Version 12.00
# Visual Studio 15
VisualStudioVersion = 15.0.28010.2048
MinimumVisualStudioVersion = 10.0.40219.1
Project("{9A19103F-16F7-4668-BE54-9A1E7A4F7556}") = "Actors", "ActorLib\Actors.csproj", "{31B85386-2ABF-4A8D-9D7C-67144C3B8BCB}"
EndProject
Project("{9A19103F-16F7-4668-BE54-9A1E7A4F7556}") = "Sender", "Sender\Sender.csproj", "{224F457F-9DE1-4BB5-AA08-E8ED8C3B6331}"
EndProject
Project("{9A19103F-16F7-4668-BE54-9A1E7A4F7556}") = "Receiver", "Receiver\Receiver.csproj", "{FCAE530D-9F6E-47E8-B311-5DBF8EF01901}"
EndProject
Project("{9A19103F-16F7-4668-BE54-9A1E7A4F7556}") = "Lighthourse1", "Lighthourse1\Lighthourse1.csproj", "{163956CA-2602-4711-97B7-3DFBA3F452BB}"
EndProject
Project("{9A19103F-16F7-4668-BE54-9A1E7A4F7556}") = "Lighthourse2", "Lighthourse2\Lighthourse2.csproj", "{092B43A5-1E33-4F91-8852-C724698E1A31}"
EndProject
Project("{9A19103F-16F7-4668-BE54-9A1E7A4F7556}") = "Lighthourse3", "Lighthourse3\Lighthourse3.csproj", "{B89220F1-D747-4769-BAD2-BDB1C0FBB5E6}"
EndProject
Global
	GlobalSection(SolutionConfigurationPlatforms) = preSolution
		Debug|Any CPU = Debug|Any CPU
		Release|Any CPU = Release|Any CPU
	EndGlobalSection
	GlobalSection(ProjectConfigurationPlatforms) = postSolution
		{31B85386-2ABF-4A8D-9D7C-67144C3B8BCB}.Debug|Any CPU.ActiveCfg = Debug|Any CPU
		{31B85386-2ABF-4A8D-9D7C-67144C3B8BCB}.Debug|Any CPU.Build.0 = Debug|Any CPU
		{31B85386-2ABF-4A8D-9D7C-67144C3B8BCB}.Release|Any CPU.ActiveCfg = Release|Any CPU
		{31B85386-2ABF-4A8D-9D7C-67144C3B8BCB}.Release|Any CPU.Build.0 = Release|Any CPU
		{224F457F-9DE1-4BB5-AA08-E8ED8C3B6331}.Debug|Any CPU.ActiveCfg = Debug|Any CPU
		{224F457F-9DE1-4BB5-AA08-E8ED8C3B6331}.Debug|Any CPU.Build.0 = Debug|Any CPU
		{224F457F-9DE1-4BB5-AA08-E8ED8C3B6331}.Release|Any CPU.ActiveCfg = Release|Any CPU
		{224F457F-9DE1-4BB5-AA08-E8ED8C3B6331}.Release|Any CPU.Build.0 = Release|Any CPU
		{FCAE530D-9F6E-47E8-B311-5DBF8EF01901}.Debug|Any CPU.ActiveCfg = Debug|Any CPU
		{FCAE530D-9F6E-47E8-B311-5DBF8EF01901}.Debug|Any CPU.Build.0 = Debug|Any CPU
		{FCAE530D-9F6E-47E8-B311-5DBF8EF01901}.Release|Any CPU.ActiveCfg = Release|Any CPU
		{FCAE530D-9F6E-47E8-B311-5DBF8EF01901}.Release|Any CPU.Build.0 = Release|Any CPU
		{163956CA-2602-4711-97B7-3DFBA3F452BB}.Debug|Any CPU.ActiveCfg = Debug|Any CPU
		{163956CA-2602-4711-97B7-3DFBA3F452BB}.Debug|Any CPU.Build.0 = Debug|Any CPU
		{163956CA-2602-4711-97B7-3DFBA3F452BB}.Release|Any CPU.ActiveCfg = Release|Any CPU
		{163956CA-2602-4711-97B7-3DFBA3F452BB}.Release|Any CPU.Build.0 = Release|Any CPU
		{092B43A5-1E33-4F91-8852-C724698E1A31}.Debug|Any CPU.ActiveCfg = Debug|Any CPU
		{092B43A5-1E33-4F91-8852-C724698E1A31}.Debug|Any CPU.Build.0 = Debug|Any CPU
		{092B43A5-1E33-4F91-8852-C724698E1A31}.Release|Any CPU.ActiveCfg = Release|Any CPU
		{092B43A5-1E33-4F91-8852-C724698E1A31}.Release|Any CPU.Build.0 = Release|Any CPU
		{B89220F1-D747-4769-BAD2-BDB1C0FBB5E6}.Debug|Any CPU.ActiveCfg = Debug|Any CPU
		{B89220F1-D747-4769-BAD2-BDB1C0FBB5E6}.Debug|Any CPU.Build.0 = Debug|Any CPU
		{B89220F1-D747-4769-BAD2-BDB1C0FBB5E6}.Release|Any CPU.ActiveCfg = Release|Any CPU
		{B89220F1-D747-4769-BAD2-BDB1C0FBB5E6}.Release|Any CPU.Build.0 = Release|Any CPU
	EndGlobalSection
	GlobalSection(SolutionProperties) = preSolution
		HideSolutionNode = FALSE
	EndGlobalSection
	GlobalSection(ExtensibilityGlobals) = postSolution
		SolutionGuid = {23755F3C-115B-4E09-A6E0-F028DCF55AE6}
	EndGlobalSection
EndGlobal
